
Microsoft Visual Studio Solution File, Format Version 12.00
# Visual Studio Version 16
VisualStudioVersion = 16.0.31410.357
MinimumVisualStudioVersion = 10.0.40219.1
Project("{FAE04EC0-301F-11D3-BF4B-00C04F79EFBC}") = "API", "API\API.csproj", "{939F9E14-2DFB-438E-8D9A-2683D297CBBE}"
EndProject
Project("{FAE04EC0-301F-11D3-BF4B-00C04F79EFBC}") = "Worker", "Worker\Worker.csproj", "{500DA05C-3468-4D1E-9478-EA89C96E0C03}"
EndProject
Global
	GlobalSection(SolutionConfigurationPlatforms) = preSolution
		Debug|Any CPU = Debug|Any CPU
		Release|Any CPU = Release|Any CPU
	EndGlobalSection
	GlobalSection(ProjectConfigurationPlatforms) = postSolution
		{939F9E14-2DFB-438E-8D9A-2683D297CBBE}.Debug|Any CPU.ActiveCfg = Debug|Any CPU
		{939F9E14-2DFB-438E-8D9A-2683D297CBBE}.Debug|Any CPU.Build.0 = Debug|Any CPU
		{939F9E14-2DFB-438E-8D9A-2683D297CBBE}.Release|Any CPU.ActiveCfg = Release|Any CPU
		{939F9E14-2DFB-438E-8D9A-2683D297CBBE}.Release|Any CPU.Build.0 = Release|Any CPU
		{500DA05C-3468-4D1E-9478-EA89C96E0C03}.Debug|Any CPU.ActiveCfg = Debug|Any CPU
		{500DA05C-3468-4D1E-9478-EA89C96E0C03}.Debug|Any CPU.Build.0 = Debug|Any CPU
		{500DA05C-3468-4D1E-9478-EA89C96E0C03}.Release|Any CPU.ActiveCfg = Release|Any CPU
		{500DA05C-3468-4D1E-9478-EA89C96E0C03}.Release|Any CPU.Build.0 = Release|Any CPU
	EndGlobalSection
	GlobalSection(SolutionProperties) = preSolution
		HideSolutionNode = FALSE
	EndGlobalSection
	GlobalSection(ExtensibilityGlobals) = postSolution
		SolutionGuid = {C2058D59-E1E2-4F45-B994-7DFA289FD0FA}
	EndGlobalSection
EndGlobal
